// !$*UTF8*$!
{
	archiveVersion = 1;
	classes = {
	};
	objectVersion = 51;
	objects = {

/* Begin PBXBuildFile section */
		1746B59B239E29EE009A8D0D /* AppDelegate.swift in Sources */ = {isa = PBXBuildFile; fileRef = 1746B59A239E29EE009A8D0D /* AppDelegate.swift */; };
		1746B59D239E29EE009A8D0D /* SceneDelegate.swift in Sources */ = {isa = PBXBuildFile; fileRef = 1746B59C239E29EE009A8D0D /* SceneDelegate.swift */; };
		1746B59F239E29EE009A8D0D /* ViewController.swift in Sources */ = {isa = PBXBuildFile; fileRef = 1746B59E239E29EE009A8D0D /* ViewController.swift */; };
		1746B5A2239E29EE009A8D0D /* Main.storyboard in Resources */ = {isa = PBXBuildFile; fileRef = 1746B5A0239E29EE009A8D0D /* Main.storyboard */; };
		1746B5A4239E29EF009A8D0D /* Assets.xcassets in Resources */ = {isa = PBXBuildFile; fileRef = 1746B5A3239E29EF009A8D0D /* Assets.xcassets */; };
		1746B5A7239E29EF009A8D0D /* LaunchScreen.storyboard in Resources */ = {isa = PBXBuildFile; fileRef = 1746B5A5239E29EF009A8D0D /* LaunchScreen.storyboard */; };
		1746B5AF239E2CAF009A8D0D /* GoogleService-Info.plist in Resources */ = {isa = PBXBuildFile; fileRef = 1746B5AE239E2CAF009A8D0D /* GoogleService-Info.plist */; };
		7CE67D0D0374A1E234379D9F /* Pods_NexSeedChat.framework in Frameworks */ = {isa = PBXBuildFile; fileRef = 2D570523D89C7275495E564B /* Pods_NexSeedChat.framework */; };
/* End PBXBuildFile section */

/* Begin PBXFileReference section */
		1746B597239E29EE009A8D0D /* NexSeedChat.app */ = {isa = PBXFileReference; explicitFileType = wrapper.application; includeInIndex = 0; path = NexSeedChat.app; sourceTree = BUILT_PRODUCTS_DIR; };
		1746B59A239E29EE009A8D0D /* AppDelegate.swift */ = {isa = PBXFileReference; lastKnownFileType = sourcecode.swift; path = AppDelegate.swift; sourceTree = "<group>"; };
		1746B59C239E29EE009A8D0D /* SceneDelegate.swift */ = {isa = PBXFileReference; lastKnownFileType = sourcecode.swift; path = SceneDelegate.swift; sourceTree = "<group>"; };
		1746B59E239E29EE009A8D0D /* ViewController.swift */ = {isa = PBXFileReference; lastKnownFileType = sourcecode.swift; path = ViewController.swift; sourceTree = "<group>"; };
		1746B5A1239E29EE009A8D0D /* Base */ = {isa = PBXFileReference; lastKnownFileType = file.storyboard; name = Base; path = Base.lproj/Main.storyboard; sourceTree = "<group>"; };
		1746B5A3239E29EF009A8D0D /* Assets.xcassets */ = {isa = PBXFileReference; lastKnownFileType = folder.assetcatalog; path = Assets.xcassets; sourceTree = "<group>"; };
		1746B5A6239E29EF009A8D0D /* Base */ = {isa = PBXFileReference; lastKnownFileType = file.storyboard; name = Base; path = Base.lproj/LaunchScreen.storyboard; sourceTree = "<group>"; };
		1746B5A8239E29EF009A8D0D /* Info.plist */ = {isa = PBXFileReference; lastKnownFileType = text.plist.xml; path = Info.plist; sourceTree = "<group>"; };
		1746B5AE239E2CAF009A8D0D /* GoogleService-Info.plist */ = {isa = PBXFileReference; fileEncoding = 4; lastKnownFileType = text.plist.xml; path = "GoogleService-Info.plist"; sourceTree = "<group>"; };
		2D570523D89C7275495E564B /* Pods_NexSeedChat.framework */ = {isa = PBXFileReference; explicitFileType = wrapper.framework; includeInIndex = 0; path = Pods_NexSeedChat.framework; sourceTree = BUILT_PRODUCTS_DIR; };
		BC77735F168D727729EC3D25 /* Pods-NexSeedChat.debug.xcconfig */ = {isa = PBXFileReference; includeInIndex = 1; lastKnownFileType = text.xcconfig; name = "Pods-NexSeedChat.debug.xcconfig"; path = "Target Support Files/Pods-NexSeedChat/Pods-NexSeedChat.debug.xcconfig"; sourceTree = "<group>"; };
		E84C08613E0A378A742B964C /* Pods-NexSeedChat.release.xcconfig */ = {isa = PBXFileReference; includeInIndex = 1; lastKnownFileType = text.xcconfig; name = "Pods-NexSeedChat.release.xcconfig"; path = "Target Support Files/Pods-NexSeedChat/Pods-NexSeedChat.release.xcconfig"; sourceTree = "<group>"; };
/* End PBXFileReference section */

/* Begin PBXFrameworksBuildPhase section */
		1746B594239E29EE009A8D0D /* Frameworks */ = {
			isa = PBXFrameworksBuildPhase;
			buildActionMask = 2147483647;
			files = (
				7CE67D0D0374A1E234379D9F /* Pods_NexSeedChat.framework in Frameworks */,
			);
			runOnlyForDeploymentPostprocessing = 0;
		};
/* End PBXFrameworksBuildPhase section */

/* Begin PBXGroup section */
		1746B58E239E29ED009A8D0D = {
			isa = PBXGroup;
			children = (
				1746B599239E29EE009A8D0D /* NexSeedChat */,
				1746B598239E29EE009A8D0D /* Products */,
				78A5F8E98BBC51E55DBBF7AE /* Pods */,
				750C7D3F3062C91CF4DD0740 /* Frameworks */,
			);
			sourceTree = "<group>";
		};
		1746B598239E29EE009A8D0D /* Products */ = {
			isa = PBXGroup;
			children = (
				1746B597239E29EE009A8D0D /* NexSeedChat.app */,
			);
			name = Products;
			sourceTree = "<group>";
		};
		1746B599239E29EE009A8D0D /* NexSeedChat */ = {
			isa = PBXGroup;
			children = (
				1746B59A239E29EE009A8D0D /* AppDelegate.swift */,
				1746B59C239E29EE009A8D0D /* SceneDelegate.swift */,
				1746B59E239E29EE009A8D0D /* ViewController.swift */,
				1746B5A0239E29EE009A8D0D /* Main.storyboard */,
				1746B5A3239E29EF009A8D0D /* Assets.xcassets */,
				1746B5A5239E29EF009A8D0D /* LaunchScreen.storyboard */,
				1746B5A8239E29EF009A8D0D /* Info.plist */,
				1746B5AE239E2CAF009A8D0D /* GoogleService-Info.plist */,
			);
			path = NexSeedChat;
			sourceTree = "<group>";
		};
		750C7D3F3062C91CF4DD0740 /* Frameworks */ = {
			isa = PBXGroup;
			children = (
				2D570523D89C7275495E564B /* Pods_NexSeedChat.framework */,
			);
			name = Frameworks;
			sourceTree = "<group>";
		};
		78A5F8E98BBC51E55DBBF7AE /* Pods */ = {
			isa = PBXGroup;
			children = (
				BC77735F168D727729EC3D25 /* Pods-NexSeedChat.debug.xcconfig */,
				E84C08613E0A378A742B964C /* Pods-NexSeedChat.release.xcconfig */,
			);
			path = Pods;
			sourceTree = "<group>";
		};
/* End PBXGroup section */

/* Begin PBXNativeTarget section */
		1746B596239E29EE009A8D0D /* NexSeedChat */ = {
			isa = PBXNativeTarget;
			buildConfigurationList = 1746B5AB239E29EF009A8D0D /* Build configuration list for PBXNativeTarget "NexSeedChat" */;
			buildPhases = (
				457A533EA6721C30C37F6A2F /* [CP] Check Pods Manifest.lock */,
				1746B593239E29EE009A8D0D /* Sources */,
				1746B594239E29EE009A8D0D /* Frameworks */,
				1746B595239E29EE009A8D0D /* Resources */,
				68C194914331055022DF3313 /* [CP] Embed Pods Frameworks */,
				81E64D0AC04BEC03C229759E /* [CP] Copy Pods Resources */,
			);
			buildRules = (
			);
			dependencies = (
			);
			name = NexSeedChat;
			productName = NexSeedChat;
			productReference = 1746B597239E29EE009A8D0D /* NexSeedChat.app */;
			productType = "com.apple.product-type.application";
		};
/* End PBXNativeTarget section */

/* Begin PBXProject section */
		1746B58F239E29ED009A8D0D /* Project object */ = {
			isa = PBXProject;
			attributes = {
				LastSwiftUpdateCheck = 1120;
				LastUpgradeCheck = 1120;
				ORGANIZATIONNAME = "家田真帆";
				TargetAttributes = {
					1746B596239E29EE009A8D0D = {
						CreatedOnToolsVersion = 11.2.1;
					};
				};
			};
			buildConfigurationList = 1746B592239E29ED009A8D0D /* Build configuration list for PBXProject "NexSeedChat" */;
			compatibilityVersion = "Xcode 9.3";
			developmentRegion = en;
			hasScannedForEncodings = 0;
			knownRegions = (
				en,
				Base,
			);
			mainGroup = 1746B58E239E29ED009A8D0D;
			productRefGroup = 1746B598239E29EE009A8D0D /* Products */;
			projectDirPath = "";
			projectRoot = "";
			targets = (
				1746B596239E29EE009A8D0D /* NexSeedChat */,
			);
		};
/* End PBXProject section */

/* Begin PBXResourcesBuildPhase section */
		1746B595239E29EE009A8D0D /* Resources */ = {
			isa = PBXResourcesBuildPhase;
			buildActionMask = 2147483647;
			files = (
				1746B5AF239E2CAF009A8D0D /* GoogleService-Info.plist in Resources */,
				1746B5A7239E29EF009A8D0D /* LaunchScreen.storyboard in Resources */,
				1746B5A4239E29EF009A8D0D /* Assets.xcassets in Resources */,
				1746B5A2239E29EE009A8D0D /* Main.storyboard in Resources */,
			);
			runOnlyForDeploymentPostprocessing = 0;
		};
/* End PBXResourcesBuildPhase section */

/* Begin PBXShellScriptBuildPhase section */
		457A533EA6721C30C37F6A2F /* [CP] Check Pods Manifest.lock */ = {
			isa = PBXShellScriptBuildPhase;
			buildActionMask = 2147483647;
			files = (
			);
			inputFileListPaths = (
			);
			inputPaths = (
				"${PODS_PODFILE_DIR_PATH}/Podfile.lock",
				"${PODS_ROOT}/Manifest.lock",
			);
			name = "[CP] Check Pods Manifest.lock";
			outputFileListPaths = (
			);
			outputPaths = (
				"$(DERIVED_FILE_DIR)/Pods-NexSeedChat-checkManifestLockResult.txt",
			);
			runOnlyForDeploymentPostprocessing = 0;
			shellPath = /bin/sh;
			shellScript = "diff \"${PODS_PODFILE_DIR_PATH}/Podfile.lock\" \"${PODS_ROOT}/Manifest.lock\" > /dev/null\nif [ $? != 0 ] ; then\n    # print error to STDERR\n    echo \"error: The sandbox is not in sync with the Podfile.lock. Run 'pod install' or update your CocoaPods installation.\" >&2\n    exit 1\nfi\n# This output is used by Xcode 'outputs' to avoid re-running this script phase.\necho \"SUCCESS\" > \"${SCRIPT_OUTPUT_FILE_0}\"\n";
			showEnvVarsInLog = 0;
		};
		68C194914331055022DF3313 /* [CP] Embed Pods Frameworks */ = {
			isa = PBXShellScriptBuildPhase;
			buildActionMask = 2147483647;
			files = (
			);
			inputFileListPaths = (
				"${PODS_ROOT}/Target Support Files/Pods-NexSeedChat/Pods-NexSeedChat-frameworks-${CONFIGURATION}-input-files.xcfilelist",
			);
			name = "[CP] Embed Pods Frameworks";
			outputFileListPaths = (
				"${PODS_ROOT}/Target Support Files/Pods-NexSeedChat/Pods-NexSeedChat-frameworks-${CONFIGURATION}-output-files.xcfilelist",
			);
			runOnlyForDeploymentPostprocessing = 0;
			shellPath = /bin/sh;
			shellScript = "\"${PODS_ROOT}/Target Support Files/Pods-NexSeedChat/Pods-NexSeedChat-frameworks.sh\"\n";
			showEnvVarsInLog = 0;
		};
		81E64D0AC04BEC03C229759E /* [CP] Copy Pods Resources */ = {
			isa = PBXShellScriptBuildPhase;
			buildActionMask = 2147483647;
			files = (
			);
			inputFileListPaths = (
				"${PODS_ROOT}/Target Support Files/Pods-NexSeedChat/Pods-NexSeedChat-resources-${CONFIGURATION}-input-files.xcfilelist",
			);
			name = "[CP] Copy Pods Resources";
			outputFileListPaths = (
				"${PODS_ROOT}/Target Support Files/Pods-NexSeedChat/Pods-NexSeedChat-resources-${CONFIGURATION}-output-files.xcfilelist",
			);
			runOnlyForDeploymentPostprocessing = 0;
			shellPath = /bin/sh;
			shellScript = "\"${PODS_ROOT}/Target Support Files/Pods-NexSeedChat/Pods-NexSeedChat-resources.sh\"\n";
			showEnvVarsInLog = 0;
		};
/* End PBXShellScriptBuildPhase section */

/* Begin PBXSourcesBuildPhase section */
		1746B593239E29EE009A8D0D /* Sources */ = {
			isa = PBXSourcesBuildPhase;
			buildActionMask = 2147483647;
			files = (
				1746B59F239E29EE009A8D0D /* ViewController.swift in Sources */,
				1746B59B239E29EE009A8D0D /* AppDelegate.swift in Sources */,
				1746B59D239E29EE009A8D0D /* SceneDelegate.swift in Sources */,
			);
			runOnlyForDeploymentPostprocessing = 0;
		};
/* End PBXSourcesBuildPhase section */

/* Begin PBXVariantGroup section */
		1746B5A0239E29EE009A8D0D /* Main.storyboard */ = {
			isa = PBXVariantGroup;
			children = (
				1746B5A1239E29EE009A8D0D /* Base */,
			);
			name = Main.storyboard;
			sourceTree = "<group>";
		};
		1746B5A5239E29EF009A8D0D /* LaunchScreen.storyboard */ = {
			isa = PBXVariantGroup;
			children = (
				1746B5A6239E29EF009A8D0D /* Base */,
			);
			name = LaunchScreen.storyboard;
			sourceTree = "<group>";
		};
/* End PBXVariantGroup section */

/* Begin XCBuildConfiguration section */
		1746B5A9239E29EF009A8D0D /* Debug */ = {
			isa = XCBuildConfiguration;
			buildSettings = {
				ALWAYS_SEARCH_USER_PATHS = NO;
				CLANG_ANALYZER_NONNULL = YES;
				CLANG_ANALYZER_NUMBER_OBJECT_CONVERSION = YES_AGGRESSIVE;
				CLANG_CXX_LANGUAGE_STANDARD = "gnu++14";
				CLANG_CXX_LIBRARY = "libc++";
				CLANG_ENABLE_MODULES = YES;
				CLANG_ENABLE_OBJC_ARC = YES;
				CLANG_ENABLE_OBJC_WEAK = YES;
				CLANG_WARN_BLOCK_CAPTURE_AUTORELEASING = YES;
				CLANG_WARN_BOOL_CONVERSION = YES;
				CLANG_WARN_COMMA = YES;
				CLANG_WARN_CONSTANT_CONVERSION = YES;
				CLANG_WARN_DEPRECATED_OBJC_IMPLEMENTATIONS = YES;
				CLANG_WARN_DIRECT_OBJC_ISA_USAGE = YES_ERROR;
				CLANG_WARN_DOCUMENTATION_COMMENTS = YES;
				CLANG_WARN_EMPTY_BODY = YES;
				CLANG_WARN_ENUM_CONVERSION = YES;
				CLANG_WARN_INFINITE_RECURSION = YES;
				CLANG_WARN_INT_CONVERSION = YES;
				CLANG_WARN_NON_LITERAL_NULL_CONVERSION = YES;
				CLANG_WARN_OBJC_IMPLICIT_RETAIN_SELF = YES;
				CLANG_WARN_OBJC_LITERAL_CONVERSION = YES;
				CLANG_WARN_OBJC_ROOT_CLASS = YES_ERROR;
				CLANG_WARN_RANGE_LOOP_ANALYSIS = YES;
				CLANG_WARN_STRICT_PROTOTYPES = YES;
				CLANG_WARN_SUSPICIOUS_MOVE = YES;
				CLANG_WARN_UNGUARDED_AVAILABILITY = YES_AGGRESSIVE;
				CLANG_WARN_UNREACHABLE_CODE = YES;
				CLANG_WARN__DUPLICATE_METHOD_MATCH = YES;
				COPY_PHASE_STRIP = NO;
				DEBUG_INFORMATION_FORMAT = dwarf;
				ENABLE_STRICT_OBJC_MSGSEND = YES;
				ENABLE_TESTABILITY = YES;
				GCC_C_LANGUAGE_STANDARD = gnu11;
				GCC_DYNAMIC_NO_PIC = NO;
				GCC_NO_COMMON_BLOCKS = YES;
				GCC_OPTIMIZATION_LEVEL = 0;
				GCC_PREPROCESSOR_DEFINITIONS = (
					"DEBUG=1",
					"$(inherited)",
				);
				GCC_WARN_64_TO_32_BIT_CONVERSION = YES;
				GCC_WARN_ABOUT_RETURN_TYPE = YES_ERROR;
				GCC_WARN_UNDECLARED_SELECTOR = YES;
				GCC_WARN_UNINITIALIZED_AUTOS = YES_AGGRESSIVE;
				GCC_WARN_UNUSED_FUNCTION = YES;
				GCC_WARN_UNUSED_VARIABLE = YES;
				IPHONEOS_DEPLOYMENT_TARGET = 13.2;
				MTL_ENABLE_DEBUG_INFO = INCLUDE_SOURCE;
				MTL_FAST_MATH = YES;
				ONLY_ACTIVE_ARCH = YES;
				SDKROOT = iphoneos;
				SWIFT_ACTIVE_COMPILATION_CONDITIONS = DEBUG;
				SWIFT_OPTIMIZATION_LEVEL = "-Onone";
			};
			name = Debug;
		};
		1746B5AA239E29EF009A8D0D /* Release */ = {
			isa = XCBuildConfiguration;
			buildSettings = {
				ALWAYS_SEARCH_USER_PATHS = NO;
				CLANG_ANALYZER_NONNULL = YES;
				CLANG_ANALYZER_NUMBER_OBJECT_CONVERSION = YES_AGGRESSIVE;
				CLANG_CXX_LANGUAGE_STANDARD = "gnu++14";
				CLANG_CXX_LIBRARY = "libc++";
				CLANG_ENABLE_MODULES = YES;
				CLANG_ENABLE_OBJC_ARC = YES;
				CLANG_ENABLE_OBJC_WEAK = YES;
				CLANG_WARN_BLOCK_CAPTURE_AUTORELEASING = YES;
				CLANG_WARN_BOOL_CONVERSION = YES;
				CLANG_WARN_COMMA = YES;
				CLANG_WARN_CONSTANT_CONVERSION = YES;
				CLANG_WARN_DEPRECATED_OBJC_IMPLEMENTATIONS = YES;
				CLANG_WARN_DIRECT_OBJC_ISA_USAGE = YES_ERROR;
				CLANG_WARN_DOCUMENTATION_COMMENTS = YES;
				CLANG_WARN_EMPTY_BODY = YES;
				CLANG_WARN_ENUM_CONVERSION = YES;
				CLANG_WARN_INFINITE_RECURSION = YES;
				CLANG_WARN_INT_CONVERSION = YES;
				CLANG_WARN_NON_LITERAL_NULL_CONVERSION = YES;
				CLANG_WARN_OBJC_IMPLICIT_RETAIN_SELF = YES;
				CLANG_WARN_OBJC_LITERAL_CONVERSION = YES;
				CLANG_WARN_OBJC_ROOT_CLASS = YES_ERROR;
				CLANG_WARN_RANGE_LOOP_ANALYSIS = YES;
				CLANG_WARN_STRICT_PROTOTYPES = YES;
				CLANG_WARN_SUSPICIOUS_MOVE = YES;
				CLANG_WARN_UNGUARDED_AVAILABILITY = YES_AGGRESSIVE;
				CLANG_WARN_UNREACHABLE_CODE = YES;
				CLANG_WARN__DUPLICATE_METHOD_MATCH = YES;
				COPY_PHASE_STRIP = NO;
				DEBUG_INFORMATION_FORMAT = "dwarf-with-dsym";
				ENABLE_NS_ASSERTIONS = NO;
				ENABLE_STRICT_OBJC_MSGSEND = YES;
				GCC_C_LANGUAGE_STANDARD = gnu11;
				GCC_NO_COMMON_BLOCKS = YES;
				GCC_WARN_64_TO_32_BIT_CONVERSION = YES;
				GCC_WARN_ABOUT_RETURN_TYPE = YES_ERROR;
				GCC_WARN_UNDECLARED_SELECTOR = YES;
				GCC_WARN_UNINITIALIZED_AUTOS = YES_AGGRESSIVE;
				GCC_WARN_UNUSED_FUNCTION = YES;
				GCC_WARN_UNUSED_VARIABLE = YES;
				IPHONEOS_DEPLOYMENT_TARGET = 13.2;
				MTL_ENABLE_DEBUG_INFO = NO;
				MTL_FAST_MATH = YES;
				SDKROOT = iphoneos;
				SWIFT_COMPILATION_MODE = wholemodule;
				SWIFT_OPTIMIZATION_LEVEL = "-O";
				VALIDATE_PRODUCT = YES;
			};
			name = Release;
		};
		1746B5AC239E29EF009A8D0D /* Debug */ = {
			isa = XCBuildConfiguration;
			baseConfigurationReference = BC77735F168D727729EC3D25 /* Pods-NexSeedChat.debug.xcconfig */;
			buildSettings = {
				ASSETCATALOG_COMPILER_APPICON_NAME = AppIcon;
				CODE_SIGN_STYLE = Automatic;
				INFOPLIST_FILE = NexSeedChat/Info.plist;
				LD_RUNPATH_SEARCH_PATHS = (
					"$(inherited)",
					"@executable_path/Frameworks",
				);
				PRODUCT_BUNDLE_IDENTIFIER = com.example.NexSeedChat;
				PRODUCT_NAME = "$(TARGET_NAME)";
				SWIFT_VERSION = 5.0;
				TARGETED_DEVICE_FAMILY = "1,2";
			};
			name = Debug;
		};
		1746B5AD239E29EF009A8D0D /* Release */ = {
			isa = XCBuildConfiguration;
			baseConfigurationReference = E84C08613E0A378A742B964C /* Pods-NexSeedChat.release.xcconfig */;
			buildSettings = {
				ASSETCATALOG_COMPILER_APPICON_NAME = AppIcon;
				CODE_SIGN_STYLE = Automatic;
				INFOPLIST_FILE = NexSeedChat/Info.plist;
				LD_RUNPATH_SEARCH_PATHS = (
					"$(inherited)",
					"@executable_path/Frameworks",
				);
				PRODUCT_BUNDLE_IDENTIFIER = com.example.NexSeedChat;
				PRODUCT_NAME = "$(TARGET_NAME)";
				SWIFT_VERSION = 5.0;
				TARGETED_DEVICE_FAMILY = "1,2";
			};
			name = Release;
		};
/* End XCBuildConfiguration section */

/* Begin XCConfigurationList section */
		1746B592239E29ED009A8D0D /* Build configuration list for PBXProject "NexSeedChat" */ = {
			isa = XCConfigurationList;
			buildConfigurations = (
				1746B5A9239E29EF009A8D0D /* Debug */,
				1746B5AA239E29EF009A8D0D /* Release */,
			);
			defaultConfigurationIsVisible = 0;
			defaultConfigurationName = Release;
		};
		1746B5AB239E29EF009A8D0D /* Build configuration list for PBXNativeTarget "NexSeedChat" */ = {
			isa = XCConfigurationList;
			buildConfigurations = (
				1746B5AC239E29EF009A8D0D /* Debug */,
				1746B5AD239E29EF009A8D0D /* Release */,
			);
			defaultConfigurationIsVisible = 0;
			defaultConfigurationName = Release;
		};
/* End XCConfigurationList section */
	};
	rootObject = 1746B58F239E29ED009A8D0D /* Project object */;
}
